
Microsoft Visual Studio Solution File, Format Version 12.00
# Visual Studio Version 17
VisualStudioVersion = 17.0.31912.275
MinimumVisualStudioVersion = 10.0.40219.1
Project("{9A19103F-16F7-4668-BE54-9A1E7A4F7556}") = "ShopRestApi", "ShopRestApi\ShopRestApi.csproj", "{C3A8846B-98EF-4221-8EA6-8A798FCA0603}"
EndProject
Project("{FAE04EC0-301F-11D3-BF4B-00C04F79EFBC}") = "ShopRestApiUnitTests", "ShopRestApiUnitTests\ShopRestApiUnitTests.csproj", "{4CE16B41-100F-4AFE-A8C9-7ACF657391AB}"
EndProject
Global
	GlobalSection(SolutionConfigurationPlatforms) = preSolution
		Debug|Any CPU = Debug|Any CPU
		Release|Any CPU = Release|Any CPU
	EndGlobalSection
	GlobalSection(ProjectConfigurationPlatforms) = postSolution
		{C3A8846B-98EF-4221-8EA6-8A798FCA0603}.Debug|Any CPU.ActiveCfg = Debug|Any CPU
		{C3A8846B-98EF-4221-8EA6-8A798FCA0603}.Debug|Any CPU.Build.0 = Debug|Any CPU
		{C3A8846B-98EF-4221-8EA6-8A798FCA0603}.Release|Any CPU.ActiveCfg = Release|Any CPU
		{C3A8846B-98EF-4221-8EA6-8A798FCA0603}.Release|Any CPU.Build.0 = Release|Any CPU
		{4CE16B41-100F-4AFE-A8C9-7ACF657391AB}.Debug|Any CPU.ActiveCfg = Debug|Any CPU
		{4CE16B41-100F-4AFE-A8C9-7ACF657391AB}.Debug|Any CPU.Build.0 = Debug|Any CPU
		{4CE16B41-100F-4AFE-A8C9-7ACF657391AB}.Release|Any CPU.ActiveCfg = Release|Any CPU
		{4CE16B41-100F-4AFE-A8C9-7ACF657391AB}.Release|Any CPU.Build.0 = Release|Any CPU
	EndGlobalSection
	GlobalSection(SolutionProperties) = preSolution
		HideSolutionNode = FALSE
	EndGlobalSection
	GlobalSection(ExtensibilityGlobals) = postSolution
		SolutionGuid = {631020A8-0897-44F9-BDBB-097D1B69EFC0}
	EndGlobalSection
EndGlobal
